// !$*UTF8*$!
{
	archiveVersion = 1;
	classes = {
	};
	objectVersion = 56;
	objects = {

/* Begin PBXBuildFile section */
		8775FF8D2A656268009E098D /* Chapter2App.swift in Sources */ = {isa = PBXBuildFile; fileRef = 8775FF8C2A656268009E098D /* Chapter2App.swift */; };
		8775FF8F2A656268009E098D /* ContentView.swift in Sources */ = {isa = PBXBuildFile; fileRef = 8775FF8E2A656268009E098D /* ContentView.swift */; };
		8775FF912A656269009E098D /* Assets.xcassets in Resources */ = {isa = PBXBuildFile; fileRef = 8775FF902A656269009E098D /* Assets.xcassets */; };
		8775FF942A656269009E098D /* Preview Assets.xcassets in Resources */ = {isa = PBXBuildFile; fileRef = 8775FF932A656269009E098D /* Preview Assets.xcassets */; };
		879BF5632A6562CF007B879C /* HexagoneParameters.swift in Sources */ = {isa = PBXBuildFile; fileRef = 879BF5622A6562CF007B879C /* HexagoneParameters.swift */; };
		879BF5662A65637C007B879C /* BadgeBackground.swift in Sources */ = {isa = PBXBuildFile; fileRef = 879BF5652A65637C007B879C /* BadgeBackground.swift */; };
		879BF5682A658E72007B879C /* RotatedBadgeSybol.swift in Sources */ = {isa = PBXBuildFile; fileRef = 879BF5672A658E72007B879C /* RotatedBadgeSybol.swift */; };
		879BF56A2A658FB5007B879C /* Badge.swift in Sources */ = {isa = PBXBuildFile; fileRef = 879BF5692A658FB5007B879C /* Badge.swift */; };
		879BF56C2A659027007B879C /* BadgeSybole.swift in Sources */ = {isa = PBXBuildFile; fileRef = 879BF56B2A659027007B879C /* BadgeSybole.swift */; };
		879BF56F2A659401007B879C /* hikeData.json in Resources */ = {isa = PBXBuildFile; fileRef = 879BF56E2A659401007B879C /* hikeData.json */; };
		879BF5722A65949B007B879C /* Hike.swift in Sources */ = {isa = PBXBuildFile; fileRef = 879BF5712A65949B007B879C /* Hike.swift */; };
		879BF5742A6595BE007B879C /* ModelData.swift in Sources */ = {isa = PBXBuildFile; fileRef = 879BF5732A6595BE007B879C /* ModelData.swift */; };
		879BF5762A6596CF007B879C /* HikeView.swift in Sources */ = {isa = PBXBuildFile; fileRef = 879BF5752A6596CF007B879C /* HikeView.swift */; };
		87D0880D2A65986900A6B2FA /* HikeGraph.swift in Sources */ = {isa = PBXBuildFile; fileRef = 87D0880C2A65986900A6B2FA /* HikeGraph.swift */; };
		87D0880F2A6598C800A6B2FA /* GraphCapsule.swift in Sources */ = {isa = PBXBuildFile; fileRef = 87D0880E2A6598C800A6B2FA /* GraphCapsule.swift */; };
		87D088112A659C7E00A6B2FA /* HikeDetail.swift in Sources */ = {isa = PBXBuildFile; fileRef = 87D088102A659C7E00A6B2FA /* HikeDetail.swift */; };
/* End PBXBuildFile section */

/* Begin PBXFileReference section */
		8775FF892A656268009E098D /* Chapter2.app */ = {isa = PBXFileReference; explicitFileType = wrapper.application; includeInIndex = 0; path = Chapter2.app; sourceTree = BUILT_PRODUCTS_DIR; };
		8775FF8C2A656268009E098D /* Chapter2App.swift */ = {isa = PBXFileReference; lastKnownFileType = sourcecode.swift; path = Chapter2App.swift; sourceTree = "<group>"; };
		8775FF8E2A656268009E098D /* ContentView.swift */ = {isa = PBXFileReference; lastKnownFileType = sourcecode.swift; path = ContentView.swift; sourceTree = "<group>"; };
		8775FF902A656269009E098D /* Assets.xcassets */ = {isa = PBXFileReference; lastKnownFileType = folder.assetcatalog; path = Assets.xcassets; sourceTree = "<group>"; };
		8775FF932A656269009E098D /* Preview Assets.xcassets */ = {isa = PBXFileReference; lastKnownFileType = folder.assetcatalog; path = "Preview Assets.xcassets"; sourceTree = "<group>"; };
		879BF5622A6562CF007B879C /* HexagoneParameters.swift */ = {isa = PBXFileReference; lastKnownFileType = sourcecode.swift; path = HexagoneParameters.swift; sourceTree = "<group>"; };
		879BF5652A65637C007B879C /* BadgeBackground.swift */ = {isa = PBXFileReference; lastKnownFileType = sourcecode.swift; path = BadgeBackground.swift; sourceTree = "<group>"; };
		879BF5672A658E72007B879C /* RotatedBadgeSybol.swift */ = {isa = PBXFileReference; lastKnownFileType = sourcecode.swift; path = RotatedBadgeSybol.swift; sourceTree = "<group>"; };
		879BF5692A658FB5007B879C /* Badge.swift */ = {isa = PBXFileReference; lastKnownFileType = sourcecode.swift; path = Badge.swift; sourceTree = "<group>"; };
		879BF56B2A659027007B879C /* BadgeSybole.swift */ = {isa = PBXFileReference; lastKnownFileType = sourcecode.swift; path = BadgeSybole.swift; sourceTree = "<group>"; };
		879BF56E2A659401007B879C /* hikeData.json */ = {isa = PBXFileReference; fileEncoding = 4; lastKnownFileType = text.json; path = hikeData.json; sourceTree = "<group>"; };
		879BF5712A65949B007B879C /* Hike.swift */ = {isa = PBXFileReference; lastKnownFileType = sourcecode.swift; path = Hike.swift; sourceTree = "<group>"; };
		879BF5732A6595BE007B879C /* ModelData.swift */ = {isa = PBXFileReference; lastKnownFileType = sourcecode.swift; path = ModelData.swift; sourceTree = "<group>"; };
		879BF5752A6596CF007B879C /* HikeView.swift */ = {isa = PBXFileReference; lastKnownFileType = sourcecode.swift; path = HikeView.swift; sourceTree = "<group>"; };
		87D0880C2A65986900A6B2FA /* HikeGraph.swift */ = {isa = PBXFileReference; lastKnownFileType = sourcecode.swift; path = HikeGraph.swift; sourceTree = "<group>"; };
		87D0880E2A6598C800A6B2FA /* GraphCapsule.swift */ = {isa = PBXFileReference; lastKnownFileType = sourcecode.swift; path = GraphCapsule.swift; sourceTree = "<group>"; };
		87D088102A659C7E00A6B2FA /* HikeDetail.swift */ = {isa = PBXFileReference; lastKnownFileType = sourcecode.swift; path = HikeDetail.swift; sourceTree = "<group>"; };
/* End PBXFileReference section */

/* Begin PBXFrameworksBuildPhase section */
		8775FF862A656268009E098D /* Frameworks */ = {
			isa = PBXFrameworksBuildPhase;
			buildActionMask = 2147483647;
			files = (
			);
			runOnlyForDeploymentPostprocessing = 0;
		};
/* End PBXFrameworksBuildPhase section */

/* Begin PBXGroup section */
		8775FF802A656268009E098D = {
			isa = PBXGroup;
			children = (
				8775FF8B2A656268009E098D /* Chapter2 */,
				8775FF8A2A656268009E098D /* Products */,
			);
			sourceTree = "<group>";
		};
		8775FF8A2A656268009E098D /* Products */ = {
			isa = PBXGroup;
			children = (
				8775FF892A656268009E098D /* Chapter2.app */,
			);
			name = Products;
			sourceTree = "<group>";
		};
		8775FF8B2A656268009E098D /* Chapter2 */ = {
			isa = PBXGroup;
			children = (
				8775FF8C2A656268009E098D /* Chapter2App.swift */,
				8775FF8E2A656268009E098D /* ContentView.swift */,
				8775FF902A656269009E098D /* Assets.xcassets */,
				879BF56D2A659228007B879C /* Badge */,
				879BF5702A659481007B879C /* Hiking */,
				8775FF922A656269009E098D /* Preview Content */,
			);
			path = Chapter2;
			sourceTree = "<group>";
		};
		8775FF922A656269009E098D /* Preview Content */ = {
			isa = PBXGroup;
			children = (
				8775FF932A656269009E098D /* Preview Assets.xcassets */,
			);
			path = "Preview Content";
			sourceTree = "<group>";
		};
		879BF56D2A659228007B879C /* Badge */ = {
			isa = PBXGroup;
			children = (
				879BF5792A6596EB007B879C /* View */,
				879BF57A2A6596F3007B879C /* Model */,
			);
			path = Badge;
			sourceTree = "<group>";
		};
		879BF5702A659481007B879C /* Hiking */ = {
			isa = PBXGroup;
			children = (
				879BF57B2A6596FE007B879C /* View */,
				879BF57C2A659706007B879C /* Model */,
				87D0880B2A65972D00A6B2FA /* Resource */,
			);
			path = Hiking;
			sourceTree = "<group>";
		};
		879BF5792A6596EB007B879C /* View */ = {
			isa = PBXGroup;
			children = (
				879BF5692A658FB5007B879C /* Badge.swift */,
				879BF5652A65637C007B879C /* BadgeBackground.swift */,
				879BF56B2A659027007B879C /* BadgeSybole.swift */,
				879BF5672A658E72007B879C /* RotatedBadgeSybol.swift */,
			);
			path = View;
			sourceTree = "<group>";
		};
		879BF57A2A6596F3007B879C /* Model */ = {
			isa = PBXGroup;
			children = (
				879BF5622A6562CF007B879C /* HexagoneParameters.swift */,
			);
			path = Model;
			sourceTree = "<group>";
		};
		879BF57B2A6596FE007B879C /* View */ = {
			isa = PBXGroup;
			children = (
				879BF5752A6596CF007B879C /* HikeView.swift */,
				87D0880C2A65986900A6B2FA /* HikeGraph.swift */,
				87D0880E2A6598C800A6B2FA /* GraphCapsule.swift */,
				87D088102A659C7E00A6B2FA /* HikeDetail.swift */,
			);
			path = View;
			sourceTree = "<group>";
		};
		879BF57C2A659706007B879C /* Model */ = {
			isa = PBXGroup;
			children = (
				879BF5712A65949B007B879C /* Hike.swift */,
				879BF5732A6595BE007B879C /* ModelData.swift */,
			);
			path = Model;
			sourceTree = "<group>";
		};
		87D0880B2A65972D00A6B2FA /* Resource */ = {
			isa = PBXGroup;
			children = (
				879BF56E2A659401007B879C /* hikeData.json */,
			);
			path = Resource;
			sourceTree = "<group>";
		};
/* End PBXGroup section */

/* Begin PBXNativeTarget section */
		8775FF882A656268009E098D /* Chapter2 */ = {
			isa = PBXNativeTarget;
			buildConfigurationList = 8775FF972A656269009E098D /* Build configuration list for PBXNativeTarget "Chapter2" */;
			buildPhases = (
				8775FF852A656268009E098D /* Sources */,
				8775FF862A656268009E098D /* Frameworks */,
				8775FF872A656268009E098D /* Resources */,
			);
			buildRules = (
			);
			dependencies = (
			);
			name = Chapter2;
			productName = Chapter2;
			productReference = 8775FF892A656268009E098D /* Chapter2.app */;
			productType = "com.apple.product-type.application";
		};
/* End PBXNativeTarget section */

/* Begin PBXProject section */
		8775FF812A656268009E098D /* Project object */ = {
			isa = PBXProject;
			attributes = {
				BuildIndependentTargetsInParallel = 1;
				LastSwiftUpdateCheck = 1430;
				LastUpgradeCheck = 1430;
				TargetAttributes = {
					8775FF882A656268009E098D = {
						CreatedOnToolsVersion = 14.3.1;
					};
				};
			};
			buildConfigurationList = 8775FF842A656268009E098D /* Build configuration list for PBXProject "Chapter2" */;
			compatibilityVersion = "Xcode 14.0";
			developmentRegion = en;
			hasScannedForEncodings = 0;
			knownRegions = (
				en,
				Base,
			);
			mainGroup = 8775FF802A656268009E098D;
			productRefGroup = 8775FF8A2A656268009E098D /* Products */;
			projectDirPath = "";
			projectRoot = "";
			targets = (
				8775FF882A656268009E098D /* Chapter2 */,
			);
		};
/* End PBXProject section */

/* Begin PBXResourcesBuildPhase section */
		8775FF872A656268009E098D /* Resources */ = {
			isa = PBXResourcesBuildPhase;
			buildActionMask = 2147483647;
			files = (
				8775FF942A656269009E098D /* Preview Assets.xcassets in Resources */,
				879BF56F2A659401007B879C /* hikeData.json in Resources */,
				8775FF912A656269009E098D /* Assets.xcassets in Resources */,
			);
			runOnlyForDeploymentPostprocessing = 0;
		};
/* End PBXResourcesBuildPhase section */

/* Begin PBXSourcesBuildPhase section */
		8775FF852A656268009E098D /* Sources */ = {
			isa = PBXSourcesBuildPhase;
			buildActionMask = 2147483647;
			files = (
				879BF56C2A659027007B879C /* BadgeSybole.swift in Sources */,
				87D0880D2A65986900A6B2FA /* HikeGraph.swift in Sources */,
				879BF5632A6562CF007B879C /* HexagoneParameters.swift in Sources */,
				879BF5742A6595BE007B879C /* ModelData.swift in Sources */,
				879BF5762A6596CF007B879C /* HikeView.swift in Sources */,
				879BF56A2A658FB5007B879C /* Badge.swift in Sources */,
				8775FF8F2A656268009E098D /* ContentView.swift in Sources */,
				879BF5682A658E72007B879C /* RotatedBadgeSybol.swift in Sources */,
				87D088112A659C7E00A6B2FA /* HikeDetail.swift in Sources */,
				87D0880F2A6598C800A6B2FA /* GraphCapsule.swift in Sources */,
				8775FF8D2A656268009E098D /* Chapter2App.swift in Sources */,
				879BF5722A65949B007B879C /* Hike.swift in Sources */,
				879BF5662A65637C007B879C /* BadgeBackground.swift in Sources */,
			);
			runOnlyForDeploymentPostprocessing = 0;
		};
/* End PBXSourcesBuildPhase section */

/* Begin XCBuildConfiguration section */
		8775FF952A656269009E098D /* Debug */ = {
			isa = XCBuildConfiguration;
			buildSettings = {
				ALWAYS_SEARCH_USER_PATHS = NO;
				CLANG_ANALYZER_NONNULL = YES;
				CLANG_ANALYZER_NUMBER_OBJECT_CONVERSION = YES_AGGRESSIVE;
				CLANG_CXX_LANGUAGE_STANDARD = "gnu++20";
				CLANG_ENABLE_MODULES = YES;
				CLANG_ENABLE_OBJC_ARC = YES;
				CLANG_ENABLE_OBJC_WEAK = YES;
				CLANG_WARN_BLOCK_CAPTURE_AUTORELEASING = YES;
				CLANG_WARN_BOOL_CONVERSION = YES;
				CLANG_WARN_COMMA = YES;
				CLANG_WARN_CONSTANT_CONVERSION = YES;
				CLANG_WARN_DEPRECATED_OBJC_IMPLEMENTATIONS = YES;
				CLANG_WARN_DIRECT_OBJC_ISA_USAGE = YES_ERROR;
				CLANG_WARN_DOCUMENTATION_COMMENTS = YES;
				CLANG_WARN_EMPTY_BODY = YES;
				CLANG_WARN_ENUM_CONVERSION = YES;
				CLANG_WARN_INFINITE_RECURSION = YES;
				CLANG_WARN_INT_CONVERSION = YES;
				CLANG_WARN_NON_LITERAL_NULL_CONVERSION = YES;
				CLANG_WARN_OBJC_IMPLICIT_RETAIN_SELF = YES;
				CLANG_WARN_OBJC_LITERAL_CONVERSION = YES;
				CLANG_WARN_OBJC_ROOT_CLASS = YES_ERROR;
				CLANG_WARN_QUOTED_INCLUDE_IN_FRAMEWORK_HEADER = YES;
				CLANG_WARN_RANGE_LOOP_ANALYSIS = YES;
				CLANG_WARN_STRICT_PROTOTYPES = YES;
				CLANG_WARN_SUSPICIOUS_MOVE = YES;
				CLANG_WARN_UNGUARDED_AVAILABILITY = YES_AGGRESSIVE;
				CLANG_WARN_UNREACHABLE_CODE = YES;
				CLANG_WARN__DUPLICATE_METHOD_MATCH = YES;
				COPY_PHASE_STRIP = NO;
				DEBUG_INFORMATION_FORMAT = dwarf;
				ENABLE_STRICT_OBJC_MSGSEND = YES;
				ENABLE_TESTABILITY = YES;
				GCC_C_LANGUAGE_STANDARD = gnu11;
				GCC_DYNAMIC_NO_PIC = NO;
				GCC_NO_COMMON_BLOCKS = YES;
				GCC_OPTIMIZATION_LEVEL = 0;
				GCC_PREPROCESSOR_DEFINITIONS = (
					"DEBUG=1",
					"$(inherited)",
				);
				GCC_WARN_64_TO_32_BIT_CONVERSION = YES;
				GCC_WARN_ABOUT_RETURN_TYPE = YES_ERROR;
				GCC_WARN_UNDECLARED_SELECTOR = YES;
				GCC_WARN_UNINITIALIZED_AUTOS = YES_AGGRESSIVE;
				GCC_WARN_UNUSED_FUNCTION = YES;
				GCC_WARN_UNUSED_VARIABLE = YES;
				IPHONEOS_DEPLOYMENT_TARGET = 16.4;
				MTL_ENABLE_DEBUG_INFO = INCLUDE_SOURCE;
				MTL_FAST_MATH = YES;
				ONLY_ACTIVE_ARCH = YES;
				SDKROOT = iphoneos;
				SWIFT_ACTIVE_COMPILATION_CONDITIONS = DEBUG;
				SWIFT_OPTIMIZATION_LEVEL = "-Onone";
			};
			name = Debug;
		};
		8775FF962A656269009E098D /* Release */ = {
			isa = XCBuildConfiguration;
			buildSettings = {
				ALWAYS_SEARCH_USER_PATHS = NO;
				CLANG_ANALYZER_NONNULL = YES;
				CLANG_ANALYZER_NUMBER_OBJECT_CONVERSION = YES_AGGRESSIVE;
				CLANG_CXX_LANGUAGE_STANDARD = "gnu++20";
				CLANG_ENABLE_MODULES = YES;
				CLANG_ENABLE_OBJC_ARC = YES;
				CLANG_ENABLE_OBJC_WEAK = YES;
				CLANG_WARN_BLOCK_CAPTURE_AUTORELEASING = YES;
				CLANG_WARN_BOOL_CONVERSION = YES;
				CLANG_WARN_COMMA = YES;
				CLANG_WARN_CONSTANT_CONVERSION = YES;
				CLANG_WARN_DEPRECATED_OBJC_IMPLEMENTATIONS = YES;
				CLANG_WARN_DIRECT_OBJC_ISA_USAGE = YES_ERROR;
				CLANG_WARN_DOCUMENTATION_COMMENTS = YES;
				CLANG_WARN_EMPTY_BODY = YES;
				CLANG_WARN_ENUM_CONVERSION = YES;
				CLANG_WARN_INFINITE_RECURSION = YES;
				CLANG_WARN_INT_CONVERSION = YES;
				CLANG_WARN_NON_LITERAL_NULL_CONVERSION = YES;
				CLANG_WARN_OBJC_IMPLICIT_RETAIN_SELF = YES;
				CLANG_WARN_OBJC_LITERAL_CONVERSION = YES;
				CLANG_WARN_OBJC_ROOT_CLASS = YES_ERROR;
				CLANG_WARN_QUOTED_INCLUDE_IN_FRAMEWORK_HEADER = YES;
				CLANG_WARN_RANGE_LOOP_ANALYSIS = YES;
				CLANG_WARN_STRICT_PROTOTYPES = YES;
				CLANG_WARN_SUSPICIOUS_MOVE = YES;
				CLANG_WARN_UNGUARDED_AVAILABILITY = YES_AGGRESSIVE;
				CLANG_WARN_UNREACHABLE_CODE = YES;
				CLANG_WARN__DUPLICATE_METHOD_MATCH = YES;
				COPY_PHASE_STRIP = NO;
				DEBUG_INFORMATION_FORMAT = "dwarf-with-dsym";
				ENABLE_NS_ASSERTIONS = NO;
				ENABLE_STRICT_OBJC_MSGSEND = YES;
				GCC_C_LANGUAGE_STANDARD = gnu11;
				GCC_NO_COMMON_BLOCKS = YES;
				GCC_WARN_64_TO_32_BIT_CONVERSION = YES;
				GCC_WARN_ABOUT_RETURN_TYPE = YES_ERROR;
				GCC_WARN_UNDECLARED_SELECTOR = YES;
				GCC_WARN_UNINITIALIZED_AUTOS = YES_AGGRESSIVE;
				GCC_WARN_UNUSED_FUNCTION = YES;
				GCC_WARN_UNUSED_VARIABLE = YES;
				IPHONEOS_DEPLOYMENT_TARGET = 16.4;
				MTL_ENABLE_DEBUG_INFO = NO;
				MTL_FAST_MATH = YES;
				SDKROOT = iphoneos;
				SWIFT_COMPILATION_MODE = wholemodule;
				SWIFT_OPTIMIZATION_LEVEL = "-O";
				VALIDATE_PRODUCT = YES;
			};
			name = Release;
		};
		8775FF982A656269009E098D /* Debug */ = {
			isa = XCBuildConfiguration;
			buildSettings = {
				ASSETCATALOG_COMPILER_APPICON_NAME = AppIcon;
				ASSETCATALOG_COMPILER_GLOBAL_ACCENT_COLOR_NAME = AccentColor;
				CODE_SIGN_STYLE = Automatic;
				CURRENT_PROJECT_VERSION = 1;
				DEVELOPMENT_ASSET_PATHS = "\"Chapter2/Preview Content\"";
				DEVELOPMENT_TEAM = ADAV929TJ6;
				ENABLE_PREVIEWS = YES;
				GENERATE_INFOPLIST_FILE = YES;
				INFOPLIST_KEY_UIApplicationSceneManifest_Generation = YES;
				INFOPLIST_KEY_UIApplicationSupportsIndirectInputEvents = YES;
				INFOPLIST_KEY_UILaunchScreen_Generation = YES;
				INFOPLIST_KEY_UISupportedInterfaceOrientations_iPad = "UIInterfaceOrientationPortrait UIInterfaceOrientationPortraitUpsideDown UIInterfaceOrientationLandscapeLeft UIInterfaceOrientationLandscapeRight";
				INFOPLIST_KEY_UISupportedInterfaceOrientations_iPhone = "UIInterfaceOrientationPortrait UIInterfaceOrientationLandscapeLeft UIInterfaceOrientationLandscapeRight";
				LD_RUNPATH_SEARCH_PATHS = (
					"$(inherited)",
					"@executable_path/Frameworks",
				);
				MARKETING_VERSION = 1.0;
				PRODUCT_BUNDLE_IDENTIFIER = hg.Chapter2;
				PRODUCT_NAME = "$(TARGET_NAME)";
				SWIFT_EMIT_LOC_STRINGS = YES;
				SWIFT_VERSION = 5.0;
				TARGETED_DEVICE_FAMILY = "1,2";
			};
			name = Debug;
		};
		8775FF992A656269009E098D /* Release */ = {
			isa = XCBuildConfiguration;
			buildSettings = {
				ASSETCATALOG_COMPILER_APPICON_NAME = AppIcon;
				ASSETCATALOG_COMPILER_GLOBAL_ACCENT_COLOR_NAME = AccentColor;
				CODE_SIGN_STYLE = Automatic;
				CURRENT_PROJECT_VERSION = 1;
				DEVELOPMENT_ASSET_PATHS = "\"Chapter2/Preview Content\"";
				DEVELOPMENT_TEAM = ADAV929TJ6;
				ENABLE_PREVIEWS = YES;
				GENERATE_INFOPLIST_FILE = YES;
				INFOPLIST_KEY_UIApplicationSceneManifest_Generation = YES;
				INFOPLIST_KEY_UIApplicationSupportsIndirectInputEvents = YES;
				INFOPLIST_KEY_UILaunchScreen_Generation = YES;
				INFOPLIST_KEY_UISupportedInterfaceOrientations_iPad = "UIInterfaceOrientationPortrait UIInterfaceOrientationPortraitUpsideDown UIInterfaceOrientationLandscapeLeft UIInterfaceOrientationLandscapeRight";
				INFOPLIST_KEY_UISupportedInterfaceOrientations_iPhone = "UIInterfaceOrientationPortrait UIInterfaceOrientationLandscapeLeft UIInterfaceOrientationLandscapeRight";
				LD_RUNPATH_SEARCH_PATHS = (
					"$(inherited)",
					"@executable_path/Frameworks",
				);
				MARKETING_VERSION = 1.0;
				PRODUCT_BUNDLE_IDENTIFIER = hg.Chapter2;
				PRODUCT_NAME = "$(TARGET_NAME)";
				SWIFT_EMIT_LOC_STRINGS = YES;
				SWIFT_VERSION = 5.0;
				TARGETED_DEVICE_FAMILY = "1,2";
			};
			name = Release;
		};
/* End XCBuildConfiguration section */

/* Begin XCConfigurationList section */
		8775FF842A656268009E098D /* Build configuration list for PBXProject "Chapter2" */ = {
			isa = XCConfigurationList;
			buildConfigurations = (
				8775FF952A656269009E098D /* Debug */,
				8775FF962A656269009E098D /* Release */,
			);
			defaultConfigurationIsVisible = 0;
			defaultConfigurationName = Release;
		};
		8775FF972A656269009E098D /* Build configuration list for PBXNativeTarget "Chapter2" */ = {
			isa = XCConfigurationList;
			buildConfigurations = (
				8775FF982A656269009E098D /* Debug */,
				8775FF992A656269009E098D /* Release */,
			);
			defaultConfigurationIsVisible = 0;
			defaultConfigurationName = Release;
		};
/* End XCConfigurationList section */
	};
	rootObject = 8775FF812A656268009E098D /* Project object */;
}
